
Microsoft Visual Studio Solution File, Format Version 12.00
# Visual Studio Version 17
VisualStudioVersion = 17.7.34202.233
MinimumVisualStudioVersion = 10.0.40219.1
Project("{FAE04EC0-301F-11D3-BF4B-00C04F79EFBC}") = "UCI Chess Engine", "UCI Chess Engine.csproj", "{2603F2CB-7D12-4C95-87AB-0151B968BD83}"
EndProject
Global
	GlobalSection(SolutionConfigurationPlatforms) = preSolution
		Debug|Any CPU = Debug|Any CPU
		Release|Any CPU = Release|Any CPU
	EndGlobalSection
	GlobalSection(ProjectConfigurationPlatforms) = postSolution
		{2603F2CB-7D12-4C95-87AB-0151B968BD83}.Debug|Any CPU.ActiveCfg = Debug|Any CPU
		{2603F2CB-7D12-4C95-87AB-0151B968BD83}.Debug|Any CPU.Build.0 = Debug|Any CPU
		{2603F2CB-7D12-4C95-87AB-0151B968BD83}.Release|Any CPU.ActiveCfg = Release|Any CPU
		{2603F2CB-7D12-4C95-87AB-0151B968BD83}.Release|Any CPU.Build.0 = Release|Any CPU
	EndGlobalSection
	GlobalSection(SolutionProperties) = preSolution
		HideSolutionNode = FALSE
	EndGlobalSection
	GlobalSection(ExtensibilityGlobals) = postSolution
		SolutionGuid = {D2F0773E-8573-4E82-9CEA-3D91F32DF830}
	EndGlobalSection
EndGlobal
